github.com/Jguer/go-alpm v0.0.0-20200405152916-a3feea4322e9 h1:lLQSUe6iRdtFrP0zkDV7n8I8XKSxRHQTEU1KRh4IOLg=
github.com/Jguer/go-alpm v0.0.0-20200405152916-a3feea4322e9/go.mod h1:D5SUcIS9Yiz/L8cjRzq/992eERnx6ugYmGlc4e7xdus=
github.com/Morganamilo/go-pacmanconf v0.0.0-20180910220353-9c5265e1b14f h1:ptFKynTV1p8JCzqk81NcMj0DV0Xle+PdKxfHjPbdIOU=
github.com/Morganamilo/go-pacmanconf v0.0.0-20180910220353-9c5265e1b14f/go.mod h1:Hk55m330jNiwxRodIlMCvw5iEyoRUCIY64W1p9D+tHc=
github.com/Morganamilo/go-srcinfo v1.0.0 h1:Wh4nEF+HJWo+29hnxM18Q2hi+DUf0GejS13+Wg+dzmI=
github.com/Morganamilo/go-srcinfo v1.0.0/go.mod h1:MP6VGY1NNpVUmYIEgoM9acix95KQqIRyqQ0hCLsyYUY=
github.com/golang/protobuf v1.3.2/go.mod h1:6lQm79b+lXiMfvg/cZm0SGofjICqVBUtrP5yJMmIC1U=
github.com/google/go-cmp v0.4.0 h1:xsAVV57WRhGj6kEIi8ReJzQlHHqcBYCElAvkovg3B/4=
github.com/google/go-cmp v0.4.0/go.mod h1:v8dTdLbMG2kIc/vJvl+f65V22dbkXbowE6jgT/gNBxE=
github.com/google/go-github/v32 v32.0.0 h1:q74KVb22spUq0U5HqZ9VCYqQz8YRuOtL/39ZnfwO+NM=
github.com/google/go-github/v32 v32.0.0/go.mod h1:rIEpZD9CTDQwDK9GDrtMTycQNA4JU3qBsCizh3q2WCI=
github.com/google/go-querystring v1.0.0 h1:Xkwi/a1rcvNg1PPYe5vI8GbeBY/jrVuDX5ASuANWTrk=
github.com/google/go-querystring v1.0.0/go.mod h1:odCYkC5MyYFN7vkCjXpyrEuKhc/BUO6wN/zVPAxq5ck=
github.com/google/gofuzz v1.1.0 h1:Hsa8mG0dQ46ij8Sl2AYJDUv1oA9/d6Vk+3LG99Oe02g=
github.com/google/gofuzz v1.1.0/go.mod h1:dBl0BpW6vV/+mYPU4Po3pmUjxk6FQPldtuIdl/M65Eg=
github.com/ktr0731/go-fuzzyfinder v0.2.1 h1:YR9LXobzd9N+RVU9j4ASc0kWktTyJnkTex8Y6TW99f0=
github.com/ktr0731/go-fuzzyfinder v0.2.1/go.mod h1:1BUWoT8siOp5n8ns8S6rtfTVigx/dvPPUJuu79nixgo=
github.com/leonelquinteros/gotext v1.4.0 h1:2NHPCto5IoMXbrT0bldPrxj0qM5asOCwtb1aUQZ1tys=
github.com/leonelquinteros/gotext v1.4.0/go.mod h1:yZGXREmoGTtBvZHNcc+Yfug49G/2spuF/i/Qlsvz1Us=
github.com/mattn/go-runewidth v0.0.9 h1:Lm995f3rfxdpd6TSmuVCHVb/QhupuXlYr8sCI/QdE+0=
github.com/mattn/go-runewidth v0.0.9/go.mod h1:H031xJmbD/WCDINGzjvQ9THkh0rPKHF+m2gUSrubnMI=
github.com/mikkeloscar/aur v0.0.0-20200113170522-1cb4e2949656 h1:j679+jxcDkCFblYk+I+G71HQTFxM3PacYbVCiYmhRhU=
github.com/mikkeloscar/aur v0.0.0-20200113170522-1cb4e2949656/go.mod h1:nYOKcK8tIj69ZZ8uDOWoiT+L25NvlOQaraDqTec/idA=
github.com/nsf/termbox-go v0.0.0-20200418040025-38ba6e5628f1 h1:lh3PyZvY+B9nFliSGTn5uFuqQQJGuNrD0MLCokv09ag=
github.com/nsf/termbox-go v0.0.0-20200418040025-38ba6e5628f1/go.mod h1:IuKpRQcYE1Tfu+oAQqaLisqDeXgjyyltCfsaoYN18NQ=
github.com/pkg/errors v0.9.1 h1:FEBLx1zS214owpjy7qsBeixbURkuhQAwrK5UwLGTwt4=
github.com/pkg/errors v0.9.1/go.mod h1:bwawxfHBFNV+L2hUp1rHADufV3IMtnDRdf1r5NINEl0=
golang.org/x/crypto v0.0.0-20190308221718-c2843e01d9a2/go.mod h1:djNgcEr1/C05ACkg1iLfiJU5Ep61QUkGW8qpdssI0+w=
golang.org/x/crypto v0.0.0-20200622213623-75b288015ac9 h1:psW17arqaxU48Z5kZ0CQnkZWQJsqcURM6tKiBApRjXI=
golang.org/x/crypto v0.0.0-20200622213623-75b288015ac9/go.mod h1:LzIPMQfyMNhhGPhUkYOs5KpL4U8rLKemX1yGLhDgUto=
golang.org/x/net v0.0.0-20190311183353-d8887717615a/go.mod h1:t9HGtf8HONx5eT2rtn7q6eTqICYqUVnKs3thJo3Qplg=
golang.org/x/net v0.0.0-20190404232315-eb5bcb51f2a3/go.mod h1:t9HGtf8HONx5eT2rtn7q6eTqICYqUVnKs3thJo3Qplg=
golang.org/x/oauth2 v0.0.0-20180821212333-d2e6202438be/go.mod h1:N/0e6XlmueqKjAGxoOufVs8QHGRruUQn6yWY3a++T0U=
golang.org/x/sys v0.0.0-20190215142949-d0b11bdaac8a/go.mod h1:STP8DvDyc/dI5b8T5hshtkjS+E42TnysNCUPdjciGhY=
golang.org/x/sys v0.0.0-20190412213103-97732733099d h1:+R4KGOnez64A81RvjARKc4UT5/tI9ujCIVX+P5KiHuI=
golang.org/x/sys v0.0.0-20190412213103-97732733099d/go.mod h1:h1NjWce9XRLGQEsW7wpKNCjG9DtNlClVuFLEZdDNbEs=
golang.org/x/sys v0.0.0-20200622214017-ed371f2e16b4 h1:5/PjkGUjvEU5Gl6BxmvKRPpqo2uNMv4rcHBMwzk/st8=
golang.org/x/sys v0.0.0-20200622214017-ed371f2e16b4/go.mod h1:h1NjWce9XRLGQEsW7wpKNCjG9DtNlClVuFLEZdDNbEs=
golang.org/x/text v0.3.0/go.mod h1:NqM8EUOU14njkJ3fqMW+pc6Ldnwhi/IjpwHt7yyuwOQ=
golang.org/x/xerrors v0.0.0-20191204190536-9bdfabe68543 h1:E7g+9GITq07hpfrRu66IVDexMakfv52eLZ2CXBWiKr4=
golang.org/x/xerrors v0.0.0-20191204190536-9bdfabe68543/go.mod h1:I/5z698sn9Ka8TeJc9MKroUUfqBBauWjQqLJ2OPfmY0=
google.golang.org/appengine v1.1.0/go.mod h1:EbEs0AVv82hx2wNQdGPgUI5lhzA/G0D9YwlJXL52JkM=
